
Microsoft Visual Studio Solution File, Format Version 12.00
# Visual Studio Version 16
VisualStudioVersion = 16.0.30002.166
MinimumVisualStudioVersion = 10.0.40219.1
Project("{8BC9CEB8-8B4A-11D0-8D11-00A0C91BC942}") = "1_1_HelloWorld", "1_1_HelloWorld\1_1_HelloWorld.vcxproj", "{3B5D5F03-9AA4-4BEA-9BDD-E56F5993A257}"
EndProject
Global
	GlobalSection(SolutionConfigurationPlatforms) = preSolution
		Debug|x64 = Debug|x64
		Debug|x86 = Debug|x86
		Release|x64 = Release|x64
		Release|x86 = Release|x86
	EndGlobalSection
	GlobalSection(ProjectConfigurationPlatforms) = postSolution
		{3B5D5F03-9AA4-4BEA-9BDD-E56F5993A257}.Debug|x64.ActiveCfg = Debug|x64
		{3B5D5F03-9AA4-4BEA-9BDD-E56F5993A257}.Debug|x64.Build.0 = Debug|x64
		{3B5D5F03-9AA4-4BEA-9BDD-E56F5993A257}.Debug|x86.ActiveCfg = Debug|Win32
		{3B5D5F03-9AA4-4BEA-9BDD-E56F5993A257}.Debug|x86.Build.0 = Debug|Win32
		{3B5D5F03-9AA4-4BEA-9BDD-E56F5993A257}.Release|x64.ActiveCfg = Release|x64
		{3B5D5F03-9AA4-4BEA-9BDD-E56F5993A257}.Release|x64.Build.0 = Release|x64
		{3B5D5F03-9AA4-4BEA-9BDD-E56F5993A257}.Release|x86.ActiveCfg = Release|Win32
		{3B5D5F03-9AA4-4BEA-9BDD-E56F5993A257}.Release|x86.Build.0 = Release|Win32
	EndGlobalSection
	GlobalSection(SolutionProperties) = preSolution
		HideSolutionNode = FALSE
	EndGlobalSection
	GlobalSection(ExtensibilityGlobals) = postSolution
		SolutionGuid = {4732BAC5-7D1C-4C05-A180-899BBED64E1C}
	EndGlobalSection
EndGlobal
